{
  "nodes": {
    "nixpkgs": {
      "locked": {
        "lastModified": 1791191277,
        "narHash": "sha256-i8KuaINOYLvB2oQikGvtRmdZRxATRxsI9Yad2pp7dEA=",
        "owner": "nixos",
        "repo": "nixpkgs",
        "rev": "aa48d347080940b8a2b8d2f48228674e280a3514",
        "type": "github"
      },
      "original": {
        "owner": "nixos",
        "ref": "nixpkgs-unstable",
        "repo": "nixpkgs",
        "type": "github"
      }
    },
    "root": {
      "inputs": {
        "nixpkgs": "nixpkgs",
        "systems": "systems",
        "trevpkgs": "trevpkgs"
      }
    },
    "schema": {
      "locked": {
        "lastModified": 1780327564,
        "narHash": "sha256-HiRPtA0spK+Dkgbhz/1zW9glXxNVB+L4Rj2VYmdawb8=",
        "owner": "DeterminateSystems",
        "repo": "flake-schemas",
        "rev": "6cc9bd98891b1fc6bb2b8cb3277df8bc72799ca6",
        "type": "github"
      },
      "original": {
        "owner": "DeterminateSystems",
        "repo": "flake-schemas",
        "type": "github"
      }
    },
    "systems": {
      "locked": {
        "lastModified": 1774907047,
        "narHash": "sha256-dhGYA99iXafW9QblBWbh5mggjbdJt0SZO8vzuL0XvKo=",
        "owner": "spotdemo4",
        "repo": "systems",
        "rev": "7759b373a7b0119835939988964a9b49bc3023af",
        "type": "github"
      },
      "original": {
        "owner": "spotdemo4",
        "repo": "systems",
        "type": "github"
      }
    },
    "trevpkgs": {
      "inputs": {
        "nixpkgs": [
          "nixpkgs"
        ],
        "schema": "schema",
        "systems": [
          "systems"
        ]
      },
      "locked": {
        "lastModified": 1791267976,
        "narHash": "sha256-0Sw+wxNpi8QEQOICCfP+zW0Wy2W493ol6uvNlU6t100=",
        "owner": "spotdemo4",
        "repo": "trevpkgs",
        "rev": "863a5c61e882e437b4e93407813ae1d1cc967d56",
        "type": "github"
      },
      "original": {
        "owner": "spotdemo4",
        "repo": "trevpkgs",
        "type": "github"
      }
    }
  },
  "root": "root",
  "version": 7
}
