{
  "nodes": {
    "nixpkgs": {
      "locked": {
        "lastModified": 1769092226,
        "narHash": "sha256-6h5sROT/3CTHvzPy9koKBmoCa2eJKh4fzQK8eYFEgl8=",
        "owner": "nixos",
        "repo": "nixpkgs",
        "rev": "b579d443b37c9c5373044201ea77604e37e748c8",
        "type": "github"
      },
      "original": {
        "owner": "nixos",
        "ref": "nixpkgs-unstable",
        "repo": "nixpkgs",
        "type": "github"
      }
    },
    "root": {
      "inputs": {
        "nixpkgs": "nixpkgs",
        "systems": "systems",
        "trev": "trev"
      }
    },
    "systems": {
      "locked": {
        "lastModified": 1681028828,
        "narHash": "sha256-Vy1rq5AaRuLzOxct8nz4T6wlgyUR7zLU309k9mBC768=",
        "owner": "nix-systems",
        "repo": "default",
        "rev": "da67096a3b9bf56a91d16901293e51ba5b49a27e",
        "type": "github"
      },
      "original": {
        "owner": "nix-systems",
        "repo": "default",
        "type": "github"
      }
    },
    "trev": {
      "inputs": {
        "nixpkgs": [
          "nixpkgs"
        ],
        "systems": [
          "systems"
        ]
      },
      "locked": {
        "lastModified": 1769234168,
        "narHash": "sha256-zIe+UNilLfkd2q6rpv/adMMZ2TCK3oi0ZbP09pXJ+l8=",
        "owner": "spotdemo4",
        "repo": "nur",
        "rev": "30cf64097ddb025ad3218e6dc4d40e096bd50817",
        "type": "github"
      },
      "original": {
        "owner": "spotdemo4",
        "repo": "nur",
        "type": "github"
      }
    }
  },
  "root": "root",
  "version": 7
}
